// !$*UTF8*$!
{
	archiveVersion = 1;
	classes = {
	};
	objectVersion = 46;
	objects = {

/* Begin PBXBuildFile section */
		2A002ECE1F51E56B0019B215 /* OverviewHotelViewController.swift in Sources */ = {isa = PBXBuildFile; fileRef = 2A002ECC1F51E56B0019B215 /* OverviewHotelViewController.swift */; };
		2A002ECF1F51E56B0019B215 /* OverviewHotelViewController.xib in Resources */ = {isa = PBXBuildFile; fileRef = 2A002ECD1F51E56B0019B215 /* OverviewHotelViewController.xib */; };
		8BDBAF311F51244E00A41C85 /* AppDelegate.swift in Sources */ = {isa = PBXBuildFile; fileRef = 8BDBAF301F51244E00A41C85 /* AppDelegate.swift */; };
		8BDBAF331F51244E00A41C85 /* ViewController.swift in Sources */ = {isa = PBXBuildFile; fileRef = 8BDBAF321F51244E00A41C85 /* ViewController.swift */; };
		8BDBAF361F51244E00A41C85 /* Main.storyboard in Resources */ = {isa = PBXBuildFile; fileRef = 8BDBAF341F51244E00A41C85 /* Main.storyboard */; };
		8BDBAF381F51244E00A41C85 /* Assets.xcassets in Resources */ = {isa = PBXBuildFile; fileRef = 8BDBAF371F51244E00A41C85 /* Assets.xcassets */; };
		8BDBAF3B1F51244E00A41C85 /* LaunchScreen.storyboard in Resources */ = {isa = PBXBuildFile; fileRef = 8BDBAF391F51244E00A41C85 /* LaunchScreen.storyboard */; };
		8BDBAF521F51293F00A41C85 /* InitViewController.swift in Sources */ = {isa = PBXBuildFile; fileRef = 8BDBAF501F51293F00A41C85 /* InitViewController.swift */; };
		8BDBAF531F51293F00A41C85 /* InitViewController.xib in Resources */ = {isa = PBXBuildFile; fileRef = 8BDBAF511F51293F00A41C85 /* InitViewController.xib */; };
		8BDBAF561F51295200A41C85 /* LoginViewController.swift in Sources */ = {isa = PBXBuildFile; fileRef = 8BDBAF541F51295200A41C85 /* LoginViewController.swift */; };
		8BDBAF571F51295200A41C85 /* LoginViewController.xib in Resources */ = {isa = PBXBuildFile; fileRef = 8BDBAF551F51295200A41C85 /* LoginViewController.xib */; };
		8BDBAF611F512AF400A41C85 /* ListHotelViewController.swift in Sources */ = {isa = PBXBuildFile; fileRef = 8BDBAF5F1F512AF400A41C85 /* ListHotelViewController.swift */; };
		8BDBAF621F512AF400A41C85 /* ListHotelViewController.xib in Resources */ = {isa = PBXBuildFile; fileRef = 8BDBAF601F512AF400A41C85 /* ListHotelViewController.xib */; };
		8BDBAF6B1F512F3C00A41C85 /* ApplicationAssembly.swift in Sources */ = {isa = PBXBuildFile; fileRef = 8BDBAF6A1F512F3C00A41C85 /* ApplicationAssembly.swift */; };
		8BDBAF6D1F512F9100A41C85 /* BaseRestService.swift in Sources */ = {isa = PBXBuildFile; fileRef = 8BDBAF6C1F512F9100A41C85 /* BaseRestService.swift */; };
		8BDBAF6F1F512FA200A41C85 /* PAuthenticationService.swift in Sources */ = {isa = PBXBuildFile; fileRef = 8BDBAF6E1F512FA200A41C85 /* PAuthenticationService.swift */; };
		8BDBAF711F512FAC00A41C85 /* PCacheProvider.swift in Sources */ = {isa = PBXBuildFile; fileRef = 8BDBAF701F512FAC00A41C85 /* PCacheProvider.swift */; };
		8BDBAF731F512FBE00A41C85 /* PBaseRestService.swift in Sources */ = {isa = PBXBuildFile; fileRef = 8BDBAF721F512FBE00A41C85 /* PBaseRestService.swift */; };
		8BDBAF761F512FE300A41C85 /* AuthenticationRestService.swift in Sources */ = {isa = PBXBuildFile; fileRef = 8BDBAF751F512FE300A41C85 /* AuthenticationRestService.swift */; };
		8BDBAF781F51301300A41C85 /* AuthenticationRouter.swift in Sources */ = {isa = PBXBuildFile; fileRef = 8BDBAF771F51301300A41C85 /* AuthenticationRouter.swift */; };
		8BDBAF7A1F51305800A41C85 /* User.swift in Sources */ = {isa = PBXBuildFile; fileRef = 8BDBAF791F51305800A41C85 /* User.swift */; };
		8BDBAF7C1F51307900A41C85 /* APIRegisterRequest.swift in Sources */ = {isa = PBXBuildFile; fileRef = 8BDBAF7B1F51307900A41C85 /* APIRegisterRequest.swift */; };
		8BDBAF851F51309A00A41C85 /* APILogoutReponse.swift in Sources */ = {isa = PBXBuildFile; fileRef = 8BDBAF7D1F51309A00A41C85 /* APILogoutReponse.swift */; };
		8BDBAF861F51309A00A41C85 /* APIPagination.swift in Sources */ = {isa = PBXBuildFile; fileRef = 8BDBAF7E1F51309A00A41C85 /* APIPagination.swift */; };
		8BDBAF871F51309A00A41C85 /* BaseAPIError.swift in Sources */ = {isa = PBXBuildFile; fileRef = 8BDBAF7F1F51309A00A41C85 /* BaseAPIError.swift */; };
		8BDBAF881F51309A00A41C85 /* BaseAPIResponse.swift in Sources */ = {isa = PBXBuildFile; fileRef = 8BDBAF801F51309A00A41C85 /* BaseAPIResponse.swift */; };
		8BDBAF891F51309A00A41C85 /* BoolResponse.swift in Sources */ = {isa = PBXBuildFile; fileRef = 8BDBAF811F51309A00A41C85 /* BoolResponse.swift */; };
		8BDBAF8A1F51309A00A41C85 /* SignInReponse.swift in Sources */ = {isa = PBXBuildFile; fileRef = 8BDBAF821F51309A00A41C85 /* SignInReponse.swift */; };
		8BDBAF8B1F51309A00A41C85 /* TextResponse.swift in Sources */ = {isa = PBXBuildFile; fileRef = 8BDBAF831F51309A00A41C85 /* TextResponse.swift */; };
		8BDBAF8F1F5130D900A41C85 /* APILoginRequest.swift in Sources */ = {isa = PBXBuildFile; fileRef = 8BDBAF8D1F5130D900A41C85 /* APILoginRequest.swift */; };
		8BDBAF901F5130D900A41C85 /* APILogoutRequest.swift in Sources */ = {isa = PBXBuildFile; fileRef = 8BDBAF8E1F5130D900A41C85 /* APILogoutRequest.swift */; };
		8BDBAF921F51311300A41C85 /* AppConstants.swift in Sources */ = {isa = PBXBuildFile; fileRef = 8BDBAF911F51311300A41C85 /* AppConstants.swift */; };
		8BDBAF971F51353400A41C85 /* ListHotelMapViewController.swift in Sources */ = {isa = PBXBuildFile; fileRef = 8BDBAF951F51353400A41C85 /* ListHotelMapViewController.swift */; };
		8BDBAF981F51353400A41C85 /* ListHotelMapViewController.xib in Resources */ = {isa = PBXBuildFile; fileRef = 8BDBAF961F51353400A41C85 /* ListHotelMapViewController.xib */; };
		8BDBAF9C1F51381000A41C85 /* HotelInfoMakerViewController.swift in Sources */ = {isa = PBXBuildFile; fileRef = 8BDBAF9A1F51381000A41C85 /* HotelInfoMakerViewController.swift */; };
		8BDBAF9D1F51381000A41C85 /* HotelInfoMakerViewController.xib in Resources */ = {isa = PBXBuildFile; fileRef = 8BDBAF9B1F51381000A41C85 /* HotelInfoMakerViewController.xib */; };
		8BDBAFA21F5154F600A41C85 /* ListHotelTableViewCell.swift in Sources */ = {isa = PBXBuildFile; fileRef = 8BDBAFA01F5154F600A41C85 /* ListHotelTableViewCell.swift */; };
		8BDBAFA31F5154F600A41C85 /* ListHotelTableViewCell.xib in Resources */ = {isa = PBXBuildFile; fileRef = 8BDBAFA11F5154F600A41C85 /* ListHotelTableViewCell.xib */; };
		8BDBAFA51F51707200A41C85 /* Hotel.swift in Sources */ = {isa = PBXBuildFile; fileRef = 8BDBAFA41F51707200A41C85 /* Hotel.swift */; };
		8BDBAFA71F51748400A41C85 /* Restaurant.swift in Sources */ = {isa = PBXBuildFile; fileRef = 8BDBAFA61F51748400A41C85 /* Restaurant.swift */; };
		8BDBAFB01F51767900A41C85 /* ListRestaurantViewController.swift in Sources */ = {isa = PBXBuildFile; fileRef = 8BDBAFAE1F51767900A41C85 /* ListRestaurantViewController.swift */; };
		8BDBAFB11F51767900A41C85 /* ListRestaurantViewController.xib in Resources */ = {isa = PBXBuildFile; fileRef = 8BDBAFAF1F51767900A41C85 /* ListRestaurantViewController.xib */; };
		8BDBAFB51F5176A300A41C85 /* MainGroupRestaurantViewController.swift in Sources */ = {isa = PBXBuildFile; fileRef = 8BDBAFB31F5176A300A41C85 /* MainGroupRestaurantViewController.swift */; };
		8BDBAFB61F5176A300A41C85 /* MainGroupRestaurantViewController.xib in Resources */ = {isa = PBXBuildFile; fileRef = 8BDBAFB41F5176A300A41C85 /* MainGroupRestaurantViewController.xib */; };
		8BDBAFBA1F5176D700A41C85 /* MainGroupHotelViewController.swift in Sources */ = {isa = PBXBuildFile; fileRef = 8BDBAFB81F5176D700A41C85 /* MainGroupHotelViewController.swift */; };
		8BDBAFBB1F5176D700A41C85 /* MainGroupHotelViewController.xib in Resources */ = {isa = PBXBuildFile; fileRef = 8BDBAFB91F5176D700A41C85 /* MainGroupHotelViewController.xib */; };
		8BDBAFBF1F5177FF00A41C85 /* hotel.json in Resources */ = {isa = PBXBuildFile; fileRef = 8BDBAFBE1F5177FF00A41C85 /* hotel.json */; };
		8BDBAFC31F51856300A41C85 /* DetailHotelCollectionViewCell.swift in Sources */ = {isa = PBXBuildFile; fileRef = 8BDBAFC11F51856300A41C85 /* DetailHotelCollectionViewCell.swift */; };
		8BDBAFC41F51856300A41C85 /* DetailHotelCollectionViewCell.xib in Resources */ = {isa = PBXBuildFile; fileRef = 8BDBAFC21F51856300A41C85 /* DetailHotelCollectionViewCell.xib */; };
		8BDBAFCB1F5185EF00A41C85 /* DetailHotelViewController.swift in Sources */ = {isa = PBXBuildFile; fileRef = 8BDBAFC91F5185EF00A41C85 /* DetailHotelViewController.swift */; };
		8BDBAFCC1F5185EF00A41C85 /* DetailHotelViewController.xib in Resources */ = {isa = PBXBuildFile; fileRef = 8BDBAFCA1F5185EF00A41C85 /* DetailHotelViewController.xib */; };
		8BDBAFD01F5193FE00A41C85 /* ListSiteViewController.swift in Sources */ = {isa = PBXBuildFile; fileRef = 8BDBAFCE1F5193FE00A41C85 /* ListSiteViewController.swift */; };
		8BDBAFD11F5193FE00A41C85 /* ListSiteViewController.xib in Resources */ = {isa = PBXBuildFile; fileRef = 8BDBAFCF1F5193FE00A41C85 /* ListSiteViewController.xib */; };
		8BDBAFD31F51943100A41C85 /* sites.json in Resources */ = {isa = PBXBuildFile; fileRef = 8BDBAFD21F51943100A41C85 /* sites.json */; };
		8BDBAFD51F51944200A41C85 /* Site.swift in Sources */ = {isa = PBXBuildFile; fileRef = 8BDBAFD41F51944200A41C85 /* Site.swift */; };
		8BDBAFD81F5196CF00A41C85 /* ListSiteTableViewCell.swift in Sources */ = {isa = PBXBuildFile; fileRef = 8BDBAFD61F5196CF00A41C85 /* ListSiteTableViewCell.swift */; };
		8BDBAFD91F5196CF00A41C85 /* ListSiteTableViewCell.xib in Resources */ = {isa = PBXBuildFile; fileRef = 8BDBAFD71F5196CF00A41C85 /* ListSiteTableViewCell.xib */; };
		8BDBAFDC1F51977400A41C85 /* SiteDetailViewController.swift in Sources */ = {isa = PBXBuildFile; fileRef = 8BDBAFDA1F51977400A41C85 /* SiteDetailViewController.swift */; };
		8BDBAFDD1F51977400A41C85 /* SiteDetailViewController.xib in Resources */ = {isa = PBXBuildFile; fileRef = 8BDBAFDB1F51977400A41C85 /* SiteDetailViewController.xib */; };
		8BDBAFE11F519AAE00A41C85 /* MainScreenViewController.swift in Sources */ = {isa = PBXBuildFile; fileRef = 8BDBAFDF1F519AAE00A41C85 /* MainScreenViewController.swift */; };
		8BDBAFE21F519AAE00A41C85 /* MainScreenViewController.xib in Resources */ = {isa = PBXBuildFile; fileRef = 8BDBAFE01F519AAE00A41C85 /* MainScreenViewController.xib */; };
		8BDBAFE71F519F8800A41C85 /* CreateServiceViewController.swift in Sources */ = {isa = PBXBuildFile; fileRef = 8BDBAFE51F519F8800A41C85 /* CreateServiceViewController.swift */; };
		8BDBAFE81F519F8800A41C85 /* CreateServiceViewController.xib in Resources */ = {isa = PBXBuildFile; fileRef = 8BDBAFE61F519F8800A41C85 /* CreateServiceViewController.xib */; };
		8BDBAFEB1F51A31700A41C85 /* ListViewRestaurantTableViewCell.swift in Sources */ = {isa = PBXBuildFile; fileRef = 8BDBAFE91F51A31700A41C85 /* ListViewRestaurantTableViewCell.swift */; };
		8BDBAFEC1F51A31700A41C85 /* ListViewRestaurantTableViewCell.xib in Resources */ = {isa = PBXBuildFile; fileRef = 8BDBAFEA1F51A31700A41C85 /* ListViewRestaurantTableViewCell.xib */; };
		8BDBAFEF1F51A52900A41C85 /* DropMenuButton.swift in Sources */ = {isa = PBXBuildFile; fileRef = 8BDBAFEE1F51A52900A41C85 /* DropMenuButton.swift */; };
		8BDBAFF11F51AFA200A41C85 /* APIRequestCreateServices.swift in Sources */ = {isa = PBXBuildFile; fileRef = 8BDBAFF01F51AFA200A41C85 /* APIRequestCreateServices.swift */; };
		8BDBAFF31F51B26700A41C85 /* MapResponse.swift in Sources */ = {isa = PBXBuildFile; fileRef = 8BDBAFF21F51B26700A41C85 /* MapResponse.swift */; };
		8BDBAFF51F51B75900A41C85 /* APIResponseCreateServices.swift in Sources */ = {isa = PBXBuildFile; fileRef = 8BDBAFF41F51B75900A41C85 /* APIResponseCreateServices.swift */; };
		8BDBAFF71F51BB7300A41C85 /* APIRequestGetRestaurant.swift in Sources */ = {isa = PBXBuildFile; fileRef = 8BDBAFF61F51BB7300A41C85 /* APIRequestGetRestaurant.swift */; };
		8BDBAFF91F51D0BF00A41C85 /* APIResponseGetAllService.swift in Sources */ = {isa = PBXBuildFile; fileRef = 8BDBAFF81F51D0BF00A41C85 /* APIResponseGetAllService.swift */; };
		8BDBAFFC1F51DB3100A41C85 /* SelectViewController.swift in Sources */ = {isa = PBXBuildFile; fileRef = 8BDBAFFA1F51DB3100A41C85 /* SelectViewController.swift */; };
		8BDBAFFD1F51DB3100A41C85 /* SelectViewController.xib in Resources */ = {isa = PBXBuildFile; fileRef = 8BDBAFFB1F51DB3100A41C85 /* SelectViewController.xib */; };
		8BDBB0001F51DB4700A41C85 /* SellectTableViewCell.xib in Resources */ = {isa = PBXBuildFile; fileRef = 8BDBAFFE1F51DB4700A41C85 /* SellectTableViewCell.xib */; };
		8BDBB0011F51DB4700A41C85 /* SellectTableViewCell.swift in Sources */ = {isa = PBXBuildFile; fileRef = 8BDBAFFF1F51DB4700A41C85 /* SellectTableViewCell.swift */; };
		8BDBB0041F51DBB400A41C85 /* TestViewController.swift in Sources */ = {isa = PBXBuildFile; fileRef = 8BDBB0021F51DBB400A41C85 /* TestViewController.swift */; };
		8BDBB0051F51DBB400A41C85 /* TestViewController.xib in Resources */ = {isa = PBXBuildFile; fileRef = 8BDBB0031F51DBB400A41C85 /* TestViewController.xib */; };
		8BDBB0071F51EBEE00A41C85 /* Global.swift in Sources */ = {isa = PBXBuildFile; fileRef = 8BDBB0061F51EBEE00A41C85 /* Global.swift */; };
		91FFE7E66E754C14F1293DCF /* Pods_VungTauHackathon2017.framework in Frameworks */ = {isa = PBXBuildFile; fileRef = 179092E1A7721E4051A9B2D0 /* Pods_VungTauHackathon2017.framework */; };
/* End PBXBuildFile section */

/* Begin PBXFileReference section */
		153C05A846962C0B142A6F69 /* Pods-VungTauHackathon2017.release.xcconfig */ = {isa = PBXFileReference; includeInIndex = 1; lastKnownFileType = text.xcconfig; name = "Pods-VungTauHackathon2017.release.xcconfig"; path = "Pods/Target Support Files/Pods-VungTauHackathon2017/Pods-VungTauHackathon2017.release.xcconfig"; sourceTree = "<group>"; };
		179092E1A7721E4051A9B2D0 /* Pods_VungTauHackathon2017.framework */ = {isa = PBXFileReference; explicitFileType = wrapper.framework; includeInIndex = 0; path = Pods_VungTauHackathon2017.framework; sourceTree = BUILT_PRODUCTS_DIR; };
		2A002ECC1F51E56B0019B215 /* OverviewHotelViewController.swift */ = {isa = PBXFileReference; fileEncoding = 4; lastKnownFileType = sourcecode.swift; path = OverviewHotelViewController.swift; sourceTree = "<group>"; };
		2A002ECD1F51E56B0019B215 /* OverviewHotelViewController.xib */ = {isa = PBXFileReference; fileEncoding = 4; lastKnownFileType = file.xib; path = OverviewHotelViewController.xib; sourceTree = "<group>"; };
		8BDBAF2D1F51244E00A41C85 /* VungTauHackathon2017.app */ = {isa = PBXFileReference; explicitFileType = wrapper.application; includeInIndex = 0; path = VungTauHackathon2017.app; sourceTree = BUILT_PRODUCTS_DIR; };
		8BDBAF301F51244E00A41C85 /* AppDelegate.swift */ = {isa = PBXFileReference; lastKnownFileType = sourcecode.swift; path = AppDelegate.swift; sourceTree = "<group>"; };
		8BDBAF321F51244E00A41C85 /* ViewController.swift */ = {isa = PBXFileReference; lastKnownFileType = sourcecode.swift; path = ViewController.swift; sourceTree = "<group>"; };
		8BDBAF351F51244E00A41C85 /* Base */ = {isa = PBXFileReference; lastKnownFileType = file.storyboard; name = Base; path = Base.lproj/Main.storyboard; sourceTree = "<group>"; };
		8BDBAF371F51244E00A41C85 /* Assets.xcassets */ = {isa = PBXFileReference; lastKnownFileType = folder.assetcatalog; path = Assets.xcassets; sourceTree = "<group>"; };
		8BDBAF3A1F51244E00A41C85 /* Base */ = {isa = PBXFileReference; lastKnownFileType = file.storyboard; name = Base; path = Base.lproj/LaunchScreen.storyboard; sourceTree = "<group>"; };
		8BDBAF3C1F51244E00A41C85 /* Info.plist */ = {isa = PBXFileReference; lastKnownFileType = text.plist.xml; path = Info.plist; sourceTree = "<group>"; };
		8BDBAF501F51293F00A41C85 /* InitViewController.swift */ = {isa = PBXFileReference; fileEncoding = 4; lastKnownFileType = sourcecode.swift; path = InitViewController.swift; sourceTree = "<group>"; };
		8BDBAF511F51293F00A41C85 /* InitViewController.xib */ = {isa = PBXFileReference; fileEncoding = 4; lastKnownFileType = file.xib; path = InitViewController.xib; sourceTree = "<group>"; };
		8BDBAF541F51295200A41C85 /* LoginViewController.swift */ = {isa = PBXFileReference; fileEncoding = 4; lastKnownFileType = sourcecode.swift; path = LoginViewController.swift; sourceTree = "<group>"; };
		8BDBAF551F51295200A41C85 /* LoginViewController.xib */ = {isa = PBXFileReference; fileEncoding = 4; lastKnownFileType = file.xib; path = LoginViewController.xib; sourceTree = "<group>"; };
		8BDBAF5F1F512AF400A41C85 /* ListHotelViewController.swift */ = {isa = PBXFileReference; fileEncoding = 4; lastKnownFileType = sourcecode.swift; path = ListHotelViewController.swift; sourceTree = "<group>"; };
		8BDBAF601F512AF400A41C85 /* ListHotelViewController.xib */ = {isa = PBXFileReference; fileEncoding = 4; lastKnownFileType = file.xib; path = ListHotelViewController.xib; sourceTree = "<group>"; };
		8BDBAF6A1F512F3C00A41C85 /* ApplicationAssembly.swift */ = {isa = PBXFileReference; fileEncoding = 4; lastKnownFileType = sourcecode.swift; path = ApplicationAssembly.swift; sourceTree = "<group>"; };
		8BDBAF6C1F512F9100A41C85 /* BaseRestService.swift */ = {isa = PBXFileReference; fileEncoding = 4; lastKnownFileType = sourcecode.swift; path = BaseRestService.swift; sourceTree = "<group>"; };
		8BDBAF6E1F512FA200A41C85 /* PAuthenticationService.swift */ = {isa = PBXFileReference; fileEncoding = 4; lastKnownFileType = sourcecode.swift; path = PAuthenticationService.swift; sourceTree = "<group>"; };
		8BDBAF701F512FAC00A41C85 /* PCacheProvider.swift */ = {isa = PBXFileReference; fileEncoding = 4; lastKnownFileType = sourcecode.swift; path = PCacheProvider.swift; sourceTree = "<group>"; };
		8BDBAF721F512FBE00A41C85 /* PBaseRestService.swift */ = {isa = PBXFileReference; fileEncoding = 4; lastKnownFileType = sourcecode.swift; path = PBaseRestService.swift; sourceTree = "<group>"; };
		8BDBAF751F512FE300A41C85 /* AuthenticationRestService.swift */ = {isa = PBXFileReference; fileEncoding = 4; lastKnownFileType = sourcecode.swift; path = AuthenticationRestService.swift; sourceTree = "<group>"; };
		8BDBAF771F51301300A41C85 /* AuthenticationRouter.swift */ = {isa = PBXFileReference; fileEncoding = 4; lastKnownFileType = sourcecode.swift; path = AuthenticationRouter.swift; sourceTree = "<group>"; };
		8BDBAF791F51305800A41C85 /* User.swift */ = {isa = PBXFileReference; fileEncoding = 4; lastKnownFileType = sourcecode.swift; path = User.swift; sourceTree = "<group>"; };
		8BDBAF7B1F51307900A41C85 /* APIRegisterRequest.swift */ = {isa = PBXFileReference; fileEncoding = 4; lastKnownFileType = sourcecode.swift; path = APIRegisterRequest.swift; sourceTree = "<group>"; };
		8BDBAF7D1F51309A00A41C85 /* APILogoutReponse.swift */ = {isa = PBXFileReference; fileEncoding = 4; lastKnownFileType = sourcecode.swift; path = APILogoutReponse.swift; sourceTree = "<group>"; };
		8BDBAF7E1F51309A00A41C85 /* APIPagination.swift */ = {isa = PBXFileReference; fileEncoding = 4; lastKnownFileType = sourcecode.swift; path = APIPagination.swift; sourceTree = "<group>"; };
		8BDBAF7F1F51309A00A41C85 /* BaseAPIError.swift */ = {isa = PBXFileReference; fileEncoding = 4; lastKnownFileType = sourcecode.swift; path = BaseAPIError.swift; sourceTree = "<group>"; };
		8BDBAF801F51309A00A41C85 /* BaseAPIResponse.swift */ = {isa = PBXFileReference; fileEncoding = 4; lastKnownFileType = sourcecode.swift; path = BaseAPIResponse.swift; sourceTree = "<group>"; };
		8BDBAF811F51309A00A41C85 /* BoolResponse.swift */ = {isa = PBXFileReference; fileEncoding = 4; lastKnownFileType = sourcecode.swift; path = BoolResponse.swift; sourceTree = "<group>"; };
		8BDBAF821F51309A00A41C85 /* SignInReponse.swift */ = {isa = PBXFileReference; fileEncoding = 4; lastKnownFileType = sourcecode.swift; path = SignInReponse.swift; sourceTree = "<group>"; };
		8BDBAF831F51309A00A41C85 /* TextResponse.swift */ = {isa = PBXFileReference; fileEncoding = 4; lastKnownFileType = sourcecode.swift; path = TextResponse.swift; sourceTree = "<group>"; };
		8BDBAF8D1F5130D900A41C85 /* APILoginRequest.swift */ = {isa = PBXFileReference; fileEncoding = 4; lastKnownFileType = sourcecode.swift; path = APILoginRequest.swift; sourceTree = "<group>"; };
		8BDBAF8E1F5130D900A41C85 /* APILogoutRequest.swift */ = {isa = PBXFileReference; fileEncoding = 4; lastKnownFileType = sourcecode.swift; path = APILogoutRequest.swift; sourceTree = "<group>"; };
		8BDBAF911F51311300A41C85 /* AppConstants.swift */ = {isa = PBXFileReference; fileEncoding = 4; lastKnownFileType = sourcecode.swift; name = AppConstants.swift; path = ViewController/ViewController/AppConstants.swift; sourceTree = "<group>"; };
		8BDBAF951F51353400A41C85 /* ListHotelMapViewController.swift */ = {isa = PBXFileReference; fileEncoding = 4; lastKnownFileType = sourcecode.swift; path = ListHotelMapViewController.swift; sourceTree = "<group>"; };
		8BDBAF961F51353400A41C85 /* ListHotelMapViewController.xib */ = {isa = PBXFileReference; fileEncoding = 4; lastKnownFileType = file.xib; path = ListHotelMapViewController.xib; sourceTree = "<group>"; };
		8BDBAF9A1F51381000A41C85 /* HotelInfoMakerViewController.swift */ = {isa = PBXFileReference; fileEncoding = 4; lastKnownFileType = sourcecode.swift; path = HotelInfoMakerViewController.swift; sourceTree = "<group>"; };
		8BDBAF9B1F51381000A41C85 /* HotelInfoMakerViewController.xib */ = {isa = PBXFileReference; fileEncoding = 4; lastKnownFileType = file.xib; path = HotelInfoMakerViewController.xib; sourceTree = "<group>"; };
		8BDBAFA01F5154F600A41C85 /* ListHotelTableViewCell.swift */ = {isa = PBXFileReference; fileEncoding = 4; lastKnownFileType = sourcecode.swift; path = ListHotelTableViewCell.swift; sourceTree = "<group>"; };
		8BDBAFA11F5154F600A41C85 /* ListHotelTableViewCell.xib */ = {isa = PBXFileReference; fileEncoding = 4; lastKnownFileType = file.xib; path = ListHotelTableViewCell.xib; sourceTree = "<group>"; };
		8BDBAFA41F51707200A41C85 /* Hotel.swift */ = {isa = PBXFileReference; fileEncoding = 4; lastKnownFileType = sourcecode.swift; path = Hotel.swift; sourceTree = "<group>"; };
		8BDBAFA61F51748400A41C85 /* Restaurant.swift */ = {isa = PBXFileReference; fileEncoding = 4; lastKnownFileType = sourcecode.swift; path = Restaurant.swift; sourceTree = "<group>"; };
		8BDBAFAE1F51767900A41C85 /* ListRestaurantViewController.swift */ = {isa = PBXFileReference; fileEncoding = 4; lastKnownFileType = sourcecode.swift; path = ListRestaurantViewController.swift; sourceTree = "<group>"; };
		8BDBAFAF1F51767900A41C85 /* ListRestaurantViewController.xib */ = {isa = PBXFileReference; fileEncoding = 4; lastKnownFileType = file.xib; path = ListRestaurantViewController.xib; sourceTree = "<group>"; };
		8BDBAFB31F5176A300A41C85 /* MainGroupRestaurantViewController.swift */ = {isa = PBXFileReference; fileEncoding = 4; lastKnownFileType = sourcecode.swift; path = MainGroupRestaurantViewController.swift; sourceTree = "<group>"; };
		8BDBAFB41F5176A300A41C85 /* MainGroupRestaurantViewController.xib */ = {isa = PBXFileReference; fileEncoding = 4; lastKnownFileType = file.xib; path = MainGroupRestaurantViewController.xib; sourceTree = "<group>"; };
		8BDBAFB81F5176D700A41C85 /* MainGroupHotelViewController.swift */ = {isa = PBXFileReference; fileEncoding = 4; lastKnownFileType = sourcecode.swift; path = MainGroupHotelViewController.swift; sourceTree = "<group>"; };
		8BDBAFB91F5176D700A41C85 /* MainGroupHotelViewController.xib */ = {isa = PBXFileReference; fileEncoding = 4; lastKnownFileType = file.xib; path = MainGroupHotelViewController.xib; sourceTree = "<group>"; };
		8BDBAFBE1F5177FF00A41C85 /* hotel.json */ = {isa = PBXFileReference; fileEncoding = 4; lastKnownFileType = text.json; path = hotel.json; sourceTree = "<group>"; };
		8BDBAFC11F51856300A41C85 /* DetailHotelCollectionViewCell.swift */ = {isa = PBXFileReference; fileEncoding = 4; lastKnownFileType = sourcecode.swift; path = DetailHotelCollectionViewCell.swift; sourceTree = "<group>"; };
		8BDBAFC21F51856300A41C85 /* DetailHotelCollectionViewCell.xib */ = {isa = PBXFileReference; fileEncoding = 4; lastKnownFileType = file.xib; path = DetailHotelCollectionViewCell.xib; sourceTree = "<group>"; };
		8BDBAFC91F5185EF00A41C85 /* DetailHotelViewController.swift */ = {isa = PBXFileReference; fileEncoding = 4; lastKnownFileType = sourcecode.swift; path = DetailHotelViewController.swift; sourceTree = "<group>"; };
		8BDBAFCA1F5185EF00A41C85 /* DetailHotelViewController.xib */ = {isa = PBXFileReference; fileEncoding = 4; lastKnownFileType = file.xib; path = DetailHotelViewController.xib; sourceTree = "<group>"; };
		8BDBAFCE1F5193FE00A41C85 /* ListSiteViewController.swift */ = {isa = PBXFileReference; fileEncoding = 4; lastKnownFileType = sourcecode.swift; path = ListSiteViewController.swift; sourceTree = "<group>"; };
		8BDBAFCF1F5193FE00A41C85 /* ListSiteViewController.xib */ = {isa = PBXFileReference; fileEncoding = 4; lastKnownFileType = file.xib; path = ListSiteViewController.xib; sourceTree = "<group>"; };
		8BDBAFD21F51943100A41C85 /* sites.json */ = {isa = PBXFileReference; fileEncoding = 4; lastKnownFileType = text.json; path = sites.json; sourceTree = "<group>"; };
		8BDBAFD41F51944200A41C85 /* Site.swift */ = {isa = PBXFileReference; fileEncoding = 4; lastKnownFileType = sourcecode.swift; path = Site.swift; sourceTree = "<group>"; };
		8BDBAFD61F5196CF00A41C85 /* ListSiteTableViewCell.swift */ = {isa = PBXFileReference; fileEncoding = 4; lastKnownFileType = sourcecode.swift; path = ListSiteTableViewCell.swift; sourceTree = "<group>"; };
		8BDBAFD71F5196CF00A41C85 /* ListSiteTableViewCell.xib */ = {isa = PBXFileReference; fileEncoding = 4; lastKnownFileType = file.xib; path = ListSiteTableViewCell.xib; sourceTree = "<group>"; };
		8BDBAFDA1F51977400A41C85 /* SiteDetailViewController.swift */ = {isa = PBXFileReference; fileEncoding = 4; lastKnownFileType = sourcecode.swift; path = SiteDetailViewController.swift; sourceTree = "<group>"; };
		8BDBAFDB1F51977400A41C85 /* SiteDetailViewController.xib */ = {isa = PBXFileReference; fileEncoding = 4; lastKnownFileType = file.xib; path = SiteDetailViewController.xib; sourceTree = "<group>"; };
		8BDBAFDF1F519AAE00A41C85 /* MainScreenViewController.swift */ = {isa = PBXFileReference; fileEncoding = 4; lastKnownFileType = sourcecode.swift; path = MainScreenViewController.swift; sourceTree = "<group>"; };
		8BDBAFE01F519AAE00A41C85 /* MainScreenViewController.xib */ = {isa = PBXFileReference; fileEncoding = 4; lastKnownFileType = file.xib; path = MainScreenViewController.xib; sourceTree = "<group>"; };
		8BDBAFE51F519F8800A41C85 /* CreateServiceViewController.swift */ = {isa = PBXFileReference; fileEncoding = 4; lastKnownFileType = sourcecode.swift; path = CreateServiceViewController.swift; sourceTree = "<group>"; };
		8BDBAFE61F519F8800A41C85 /* CreateServiceViewController.xib */ = {isa = PBXFileReference; fileEncoding = 4; lastKnownFileType = file.xib; path = CreateServiceViewController.xib; sourceTree = "<group>"; };
		8BDBAFE91F51A31700A41C85 /* ListViewRestaurantTableViewCell.swift */ = {isa = PBXFileReference; fileEncoding = 4; lastKnownFileType = sourcecode.swift; path = ListViewRestaurantTableViewCell.swift; sourceTree = "<group>"; };
		8BDBAFEA1F51A31700A41C85 /* ListViewRestaurantTableViewCell.xib */ = {isa = PBXFileReference; fileEncoding = 4; lastKnownFileType = file.xib; path = ListViewRestaurantTableViewCell.xib; sourceTree = "<group>"; };
		8BDBAFEE1F51A52900A41C85 /* DropMenuButton.swift */ = {isa = PBXFileReference; fileEncoding = 4; lastKnownFileType = sourcecode.swift; path = DropMenuButton.swift; sourceTree = "<group>"; };
		8BDBAFF01F51AFA200A41C85 /* APIRequestCreateServices.swift */ = {isa = PBXFileReference; fileEncoding = 4; lastKnownFileType = sourcecode.swift; path = APIRequestCreateServices.swift; sourceTree = "<group>"; };
		8BDBAFF21F51B26700A41C85 /* MapResponse.swift */ = {isa = PBXFileReference; fileEncoding = 4; lastKnownFileType = sourcecode.swift; path = MapResponse.swift; sourceTree = "<group>"; };
		8BDBAFF41F51B75900A41C85 /* APIResponseCreateServices.swift */ = {isa = PBXFileReference; fileEncoding = 4; lastKnownFileType = sourcecode.swift; path = APIResponseCreateServices.swift; sourceTree = "<group>"; };
		8BDBAFF61F51BB7300A41C85 /* APIRequestGetRestaurant.swift */ = {isa = PBXFileReference; fileEncoding = 4; lastKnownFileType = sourcecode.swift; path = APIRequestGetRestaurant.swift; sourceTree = "<group>"; };
		8BDBAFF81F51D0BF00A41C85 /* APIResponseGetAllService.swift */ = {isa = PBXFileReference; fileEncoding = 4; lastKnownFileType = sourcecode.swift; name = APIResponseGetAllService.swift; path = ../APIResponseModels/APIResponseGetAllService.swift; sourceTree = "<group>"; };
		8BDBAFFA1F51DB3100A41C85 /* SelectViewController.swift */ = {isa = PBXFileReference; fileEncoding = 4; lastKnownFileType = sourcecode.swift; path = SelectViewController.swift; sourceTree = "<group>"; };
		8BDBAFFB1F51DB3100A41C85 /* SelectViewController.xib */ = {isa = PBXFileReference; fileEncoding = 4; lastKnownFileType = file.xib; path = SelectViewController.xib; sourceTree = "<group>"; };
		8BDBAFFE1F51DB4700A41C85 /* SellectTableViewCell.xib */ = {isa = PBXFileReference; fileEncoding = 4; lastKnownFileType = file.xib; path = SellectTableViewCell.xib; sourceTree = "<group>"; };
		8BDBAFFF1F51DB4700A41C85 /* SellectTableViewCell.swift */ = {isa = PBXFileReference; fileEncoding = 4; lastKnownFileType = sourcecode.swift; path = SellectTableViewCell.swift; sourceTree = "<group>"; };
		8BDBB0021F51DBB400A41C85 /* TestViewController.swift */ = {isa = PBXFileReference; fileEncoding = 4; lastKnownFileType = sourcecode.swift; path = TestViewController.swift; sourceTree = "<group>"; };
		8BDBB0031F51DBB400A41C85 /* TestViewController.xib */ = {isa = PBXFileReference; fileEncoding = 4; lastKnownFileType = file.xib; path = TestViewController.xib; sourceTree = "<group>"; };
		8BDBB0061F51EBEE00A41C85 /* Global.swift */ = {isa = PBXFileReference; fileEncoding = 4; lastKnownFileType = sourcecode.swift; path = Global.swift; sourceTree = "<group>"; };
		DE31194C497F375D1EE5C7FB /* Pods-VungTauHackathon2017.debug.xcconfig */ = {isa = PBXFileReference; includeInIndex = 1; lastKnownFileType = text.xcconfig; name = "Pods-VungTauHackathon2017.debug.xcconfig"; path = "Pods/Target Support Files/Pods-VungTauHackathon2017/Pods-VungTauHackathon2017.debug.xcconfig"; sourceTree = "<group>"; };
/* End PBXFileReference section */

/* Begin PBXFrameworksBuildPhase section */
		8BDBAF2A1F51244E00A41C85 /* Frameworks */ = {
			isa = PBXFrameworksBuildPhase;
			buildActionMask = 2147483647;
			files = (
				91FFE7E66E754C14F1293DCF /* Pods_VungTauHackathon2017.framework in Frameworks */,
			);
			runOnlyForDeploymentPostprocessing = 0;
		};
/* End PBXFrameworksBuildPhase section */

/* Begin PBXGroup section */
		1593BDEB4782624BFA22F777 /* Pods */ = {
			isa = PBXGroup;
			children = (
				DE31194C497F375D1EE5C7FB /* Pods-VungTauHackathon2017.debug.xcconfig */,
				153C05A846962C0B142A6F69 /* Pods-VungTauHackathon2017.release.xcconfig */,
			);
			name = Pods;
			sourceTree = "<group>";
		};
		2A002ECB1F51E5050019B215 /* OverviewHotel */ = {
			isa = PBXGroup;
			children = (
				2A002ECC1F51E56B0019B215 /* OverviewHotelViewController.swift */,
				2A002ECD1F51E56B0019B215 /* OverviewHotelViewController.xib */,
			);
			path = OverviewHotel;
			sourceTree = "<group>";
		};
		5F4C45DDF34BD13CA20428E7 /* Frameworks */ = {
			isa = PBXGroup;
			children = (
				179092E1A7721E4051A9B2D0 /* Pods_VungTauHackathon2017.framework */,
			);
			name = Frameworks;
			sourceTree = "<group>";
		};
		8BDBAF241F51244E00A41C85 = {
			isa = PBXGroup;
			children = (
				8BDBAF2F1F51244E00A41C85 /* VungTauHackathon2017 */,
				8BDBAF2E1F51244E00A41C85 /* Products */,
				1593BDEB4782624BFA22F777 /* Pods */,
				5F4C45DDF34BD13CA20428E7 /* Frameworks */,
			);
			sourceTree = "<group>";
		};
		8BDBAF2E1F51244E00A41C85 /* Products */ = {
			isa = PBXGroup;
			children = (
				8BDBAF2D1F51244E00A41C85 /* VungTauHackathon2017.app */,
			);
			name = Products;
			sourceTree = "<group>";
		};
		8BDBAF2F1F51244E00A41C85 /* VungTauHackathon2017 */ = {
			isa = PBXGroup;
			children = (
				8BDBAFBD1F5177C500A41C85 /* Resources */,
				8BDBAF4D1F5128EB00A41C85 /* ApplicationAssembly */,
				8BDBAF4C1F5128CC00A41C85 /* Helpers */,
				8BDBAF461F51277F00A41C85 /* Models */,
				8BDBAF431F51272500A41C85 /* Services */,
				8BDBAF421F51268B00A41C85 /* ViewController */,
				8BDBAF301F51244E00A41C85 /* AppDelegate.swift */,
				8BDBAF321F51244E00A41C85 /* ViewController.swift */,
				8BDBAF911F51311300A41C85 /* AppConstants.swift */,
				8BDBAF341F51244E00A41C85 /* Main.storyboard */,
				8BDBAF371F51244E00A41C85 /* Assets.xcassets */,
				8BDBAF391F51244E00A41C85 /* LaunchScreen.storyboard */,
				8BDBAF3C1F51244E00A41C85 /* Info.plist */,
			);
			path = VungTauHackathon2017;
			sourceTree = "<group>";
		};
		8BDBAF421F51268B00A41C85 /* ViewController */ = {
			isa = PBXGroup;
			children = (
				8BDBAFE31F519F1000A41C85 /* Owner */,
				8BDBAFDE1F519A8800A41C85 /* MainScreen */,
				8BDBAFCD1F5193DE00A41C85 /* Site */,
				8BDBAFA81F51763100A41C85 /* MainGroupRestaurant */,
				8BDBAF9E1F5154CB00A41C85 /* Cells */,
				8BDBAF4F1F51292000A41C85 /* MainGroupHotel */,
				8BDBAF4E1F51290A00A41C85 /* LoginGroup */,
				8BDBAF4B1F5128A400A41C85 /* Init */,
			);
			name = ViewController;
			path = ViewController/ViewController;
			sourceTree = "<group>";
		};
		8BDBAF431F51272500A41C85 /* Services */ = {
			isa = PBXGroup;
			children = (
				8BDBAF741F512FC900A41C85 /* Router */,
				8BDBAF451F51275800A41C85 /* RestServices */,
				8BDBAF441F51274800A41C85 /* Services */,
			);
			path = Services;
			sourceTree = "<group>";
		};
		8BDBAF441F51274800A41C85 /* Services */ = {
			isa = PBXGroup;
			children = (
				8BDBAF6E1F512FA200A41C85 /* PAuthenticationService.swift */,
				8BDBAF701F512FAC00A41C85 /* PCacheProvider.swift */,
				8BDBAF721F512FBE00A41C85 /* PBaseRestService.swift */,
			);
			path = Services;
			sourceTree = "<group>";
		};
		8BDBAF451F51275800A41C85 /* RestServices */ = {
			isa = PBXGroup;
			children = (
				8BDBAF751F512FE300A41C85 /* AuthenticationRestService.swift */,
				8BDBAF6C1F512F9100A41C85 /* BaseRestService.swift */,
			);
			path = RestServices;
			sourceTree = "<group>";
		};
		8BDBAF461F51277F00A41C85 /* Models */ = {
			isa = PBXGroup;
			children = (
				8BDBAF481F5127BE00A41C85 /* APIModels */,
				8BDBAF471F51279100A41C85 /* CoreModels */,
			);
			path = Models;
			sourceTree = "<group>";
		};
		8BDBAF471F51279100A41C85 /* CoreModels */ = {
			isa = PBXGroup;
			children = (
				8BDBAF791F51305800A41C85 /* User.swift */,
				8BDBAFA41F51707200A41C85 /* Hotel.swift */,
				8BDBAFA61F51748400A41C85 /* Restaurant.swift */,
				8BDBAFD41F51944200A41C85 /* Site.swift */,
			);
			path = CoreModels;
			sourceTree = "<group>";
		};
		8BDBAF481F5127BE00A41C85 /* APIModels */ = {
			isa = PBXGroup;
			children = (
				8BDBAF4A1F5127FD00A41C85 /* APIResponseModels */,
				8BDBAF491F5127DC00A41C85 /* APIRequestModels */,
			);
			path = APIModels;
			sourceTree = "<group>";
		};
		8BDBAF491F5127DC00A41C85 /* APIRequestModels */ = {
			isa = PBXGroup;
			children = (
				8BDBAFF81F51D0BF00A41C85 /* APIResponseGetAllService.swift */,
				8BDBAF8D1F5130D900A41C85 /* APILoginRequest.swift */,
				8BDBAF8E1F5130D900A41C85 /* APILogoutRequest.swift */,
				8BDBAF7B1F51307900A41C85 /* APIRegisterRequest.swift */,
			);
			path = APIRequestModels;
			sourceTree = "<group>";
		};
		8BDBAF4A1F5127FD00A41C85 /* APIResponseModels */ = {
			isa = PBXGroup;
			children = (
				8BDBAF7D1F51309A00A41C85 /* APILogoutReponse.swift */,
				8BDBAF7E1F51309A00A41C85 /* APIPagination.swift */,
				8BDBAF7F1F51309A00A41C85 /* BaseAPIError.swift */,
				8BDBAF801F51309A00A41C85 /* BaseAPIResponse.swift */,
				8BDBAF811F51309A00A41C85 /* BoolResponse.swift */,
				8BDBAF821F51309A00A41C85 /* SignInReponse.swift */,
				8BDBAF831F51309A00A41C85 /* TextResponse.swift */,
				8BDBAFF01F51AFA200A41C85 /* APIRequestCreateServices.swift */,
				8BDBAFF21F51B26700A41C85 /* MapResponse.swift */,
				8BDBAFF41F51B75900A41C85 /* APIResponseCreateServices.swift */,
				8BDBAFF61F51BB7300A41C85 /* APIRequestGetRestaurant.swift */,
			);
			path = APIResponseModels;
			sourceTree = "<group>";
		};
		8BDBAF4B1F5128A400A41C85 /* Init */ = {
			isa = PBXGroup;
			children = (
				8BDBB0021F51DBB400A41C85 /* TestViewController.swift */,
				8BDBB0031F51DBB400A41C85 /* TestViewController.xib */,
				8BDBAFFA1F51DB3100A41C85 /* SelectViewController.swift */,
				8BDBAFFB1F51DB3100A41C85 /* SelectViewController.xib */,
				8BDBAF501F51293F00A41C85 /* InitViewController.swift */,
				8BDBAF511F51293F00A41C85 /* InitViewController.xib */,
			);
			path = Init;
			sourceTree = "<group>";
		};
		8BDBAF4C1F5128CC00A41C85 /* Helpers */ = {
			isa = PBXGroup;
			children = (
				8BDBAFED1F51A50B00A41C85 /* Libraries */,
				8BDBB0061F51EBEE00A41C85 /* Global.swift */,
			);
			path = Helpers;
			sourceTree = "<group>";
		};
		8BDBAF4D1F5128EB00A41C85 /* ApplicationAssembly */ = {
			isa = PBXGroup;
			children = (
				8BDBAF6A1F512F3C00A41C85 /* ApplicationAssembly.swift */,
			);
			path = ApplicationAssembly;
			sourceTree = "<group>";
		};
		8BDBAF4E1F51290A00A41C85 /* LoginGroup */ = {
			isa = PBXGroup;
			children = (
				8BDBAF541F51295200A41C85 /* LoginViewController.swift */,
				8BDBAF551F51295200A41C85 /* LoginViewController.xib */,
			);
			path = LoginGroup;
			sourceTree = "<group>";
		};
		8BDBAF4F1F51292000A41C85 /* MainGroupHotel */ = {
			isa = PBXGroup;
			children = (
				8BDBAFB71F5176B800A41C85 /* Main */,
				8BDBAF5E1F512A9C00A41C85 /* ListHotel */,
			);
			name = MainGroupHotel;
			path = MainGroup;
			sourceTree = "<group>";
		};
		8BDBAF5E1F512A9C00A41C85 /* ListHotel */ = {
			isa = PBXGroup;
			children = (
				8BDBAF991F5137C300A41C85 /* ViewInfoMaker */,
				8BDBAF931F51350D00A41C85 /* ListHotelMap */,
				8BDBAF631F512C3600A41C85 /* HotelDetail */,
				8BDBAF5F1F512AF400A41C85 /* ListHotelViewController.swift */,
				8BDBAF601F512AF400A41C85 /* ListHotelViewController.xib */,
			);
			path = ListHotel;
			sourceTree = "<group>";
		};
		8BDBAF631F512C3600A41C85 /* HotelDetail */ = {
			isa = PBXGroup;
			children = (
				2A002ECB1F51E5050019B215 /* OverviewHotel */,
				8BDBAFC91F5185EF00A41C85 /* DetailHotelViewController.swift */,
				8BDBAFCA1F5185EF00A41C85 /* DetailHotelViewController.xib */,
			);
			path = HotelDetail;
			sourceTree = "<group>";
		};
		8BDBAF741F512FC900A41C85 /* Router */ = {
			isa = PBXGroup;
			children = (
				8BDBAF771F51301300A41C85 /* AuthenticationRouter.swift */,
			);
			path = Router;
			sourceTree = "<group>";
		};
		8BDBAF931F51350D00A41C85 /* ListHotelMap */ = {
			isa = PBXGroup;
			children = (
				8BDBAF951F51353400A41C85 /* ListHotelMapViewController.swift */,
				8BDBAF961F51353400A41C85 /* ListHotelMapViewController.xib */,
			);
			path = ListHotelMap;
			sourceTree = "<group>";
		};
		8BDBAF991F5137C300A41C85 /* ViewInfoMaker */ = {
			isa = PBXGroup;
			children = (
				8BDBAF9A1F51381000A41C85 /* HotelInfoMakerViewController.swift */,
				8BDBAF9B1F51381000A41C85 /* HotelInfoMakerViewController.xib */,
			);
			path = ViewInfoMaker;
			sourceTree = "<group>";
		};
		8BDBAF9E1F5154CB00A41C85 /* Cells */ = {
			isa = PBXGroup;
			children = (
				8BDBAFC01F51853F00A41C85 /* Collection Cells */,
				8BDBAF9F1F5154DA00A41C85 /* Table Cells */,
			);
			path = Cells;
			sourceTree = "<group>";
		};
		8BDBAF9F1F5154DA00A41C85 /* Table Cells */ = {
			isa = PBXGroup;
			children = (
				8BDBAFE91F51A31700A41C85 /* ListViewRestaurantTableViewCell.swift */,
				8BDBAFEA1F51A31700A41C85 /* ListViewRestaurantTableViewCell.xib */,
				8BDBAFFE1F51DB4700A41C85 /* SellectTableViewCell.xib */,
				8BDBAFFF1F51DB4700A41C85 /* SellectTableViewCell.swift */,
				8BDBAFA01F5154F600A41C85 /* ListHotelTableViewCell.swift */,
				8BDBAFA11F5154F600A41C85 /* ListHotelTableViewCell.xib */,
				8BDBAFD61F5196CF00A41C85 /* ListSiteTableViewCell.swift */,
				8BDBAFD71F5196CF00A41C85 /* ListSiteTableViewCell.xib */,
			);
			path = "Table Cells";
			sourceTree = "<group>";
		};
		8BDBAFA81F51763100A41C85 /* MainGroupRestaurant */ = {
			isa = PBXGroup;
			children = (
				8BDBAFBC1F51773D00A41C85 /* Restaurant Detail */,
				8BDBAFB21F51768C00A41C85 /* Main */,
				8BDBAFA91F51764500A41C85 /* ListRestaurant */,
			);
			path = MainGroupRestaurant;
			sourceTree = "<group>";
		};
		8BDBAFA91F51764500A41C85 /* ListRestaurant */ = {
			isa = PBXGroup;
			children = (
				8BDBAFAE1F51767900A41C85 /* ListRestaurantViewController.swift */,
				8BDBAFAF1F51767900A41C85 /* ListRestaurantViewController.xib */,
			);
			path = ListRestaurant;
			sourceTree = "<group>";
		};
		8BDBAFB21F51768C00A41C85 /* Main */ = {
			isa = PBXGroup;
			children = (
				8BDBAFB31F5176A300A41C85 /* MainGroupRestaurantViewController.swift */,
				8BDBAFB41F5176A300A41C85 /* MainGroupRestaurantViewController.xib */,
			);
			path = Main;
			sourceTree = "<group>";
		};
		8BDBAFB71F5176B800A41C85 /* Main */ = {
			isa = PBXGroup;
			children = (
				8BDBAFB81F5176D700A41C85 /* MainGroupHotelViewController.swift */,
				8BDBAFB91F5176D700A41C85 /* MainGroupHotelViewController.xib */,
			);
			path = Main;
			sourceTree = "<group>";
		};
		8BDBAFBC1F51773D00A41C85 /* Restaurant Detail */ = {
			isa = PBXGroup;
			children = (
			);
			name = "Restaurant Detail";
			path = RestaurantDetail;
			sourceTree = "<group>";
		};
		8BDBAFBD1F5177C500A41C85 /* Resources */ = {
			isa = PBXGroup;
			children = (
				8BDBAFBE1F5177FF00A41C85 /* hotel.json */,
				8BDBAFD21F51943100A41C85 /* sites.json */,
			);
			path = Resources;
			sourceTree = "<group>";
		};
		8BDBAFC01F51853F00A41C85 /* Collection Cells */ = {
			isa = PBXGroup;
			children = (
				8BDBAFC11F51856300A41C85 /* DetailHotelCollectionViewCell.swift */,
				8BDBAFC21F51856300A41C85 /* DetailHotelCollectionViewCell.xib */,
			);
			path = "Collection Cells";
			sourceTree = "<group>";
		};
		8BDBAFCD1F5193DE00A41C85 /* Site */ = {
			isa = PBXGroup;
			children = (
				8BDBAFCE1F5193FE00A41C85 /* ListSiteViewController.swift */,
				8BDBAFCF1F5193FE00A41C85 /* ListSiteViewController.xib */,
				8BDBAFDA1F51977400A41C85 /* SiteDetailViewController.swift */,
				8BDBAFDB1F51977400A41C85 /* SiteDetailViewController.xib */,
			);
			name = Site;
			path = MainGroupRestaurant/Site;
			sourceTree = "<group>";
		};
		8BDBAFDE1F519A8800A41C85 /* MainScreen */ = {
			isa = PBXGroup;
			children = (
				8BDBAFDF1F519AAE00A41C85 /* MainScreenViewController.swift */,
				8BDBAFE01F519AAE00A41C85 /* MainScreenViewController.xib */,
			);
			path = MainScreen;
			sourceTree = "<group>";
		};
		8BDBAFE31F519F1000A41C85 /* Owner */ = {
			isa = PBXGroup;
			children = (
				8BDBAFE41F519F5100A41C85 /* CreateServices */,
			);
			path = Owner;
			sourceTree = "<group>";
		};
		8BDBAFE41F519F5100A41C85 /* CreateServices */ = {
			isa = PBXGroup;
			children = (
				8BDBAFE51F519F8800A41C85 /* CreateServiceViewController.swift */,
				8BDBAFE61F519F8800A41C85 /* CreateServiceViewController.xib */,
			);
			name = CreateServices;
			path = CreatteServices;
			sourceTree = "<group>";
		};
		8BDBAFED1F51A50B00A41C85 /* Libraries */ = {
			isa = PBXGroup;
			children = (
				8BDBAFEE1F51A52900A41C85 /* DropMenuButton.swift */,
			);
			path = Libraries;
			sourceTree = "<group>";
		};
/* End PBXGroup section */

/* Begin PBXNativeTarget section */
		8BDBAF2C1F51244E00A41C85 /* VungTauHackathon2017 */ = {
			isa = PBXNativeTarget;
			buildConfigurationList = 8BDBAF3F1F51244E00A41C85 /* Build configuration list for PBXNativeTarget "VungTauHackathon2017" */;
			buildPhases = (
				C34D1D46C081AB98B416CB3C /* [CP] Check Pods Manifest.lock */,
				8BDBAF291F51244E00A41C85 /* Sources */,
				8BDBAF2A1F51244E00A41C85 /* Frameworks */,
				8BDBAF2B1F51244E00A41C85 /* Resources */,
				6BE8E9A78F9C24BE903C247D /* [CP] Embed Pods Frameworks */,
				757CDD7757629DEF95641345 /* [CP] Copy Pods Resources */,
			);
			buildRules = (
			);
			dependencies = (
			);
			name = VungTauHackathon2017;
			productName = VungTauHackathon2017;
			productReference = 8BDBAF2D1F51244E00A41C85 /* VungTauHackathon2017.app */;
			productType = "com.apple.product-type.application";
		};
/* End PBXNativeTarget section */

/* Begin PBXProject section */
		8BDBAF251F51244E00A41C85 /* Project object */ = {
			isa = PBXProject;
			attributes = {
				LastSwiftUpdateCheck = 0820;
				LastUpgradeCheck = 0820;
				ORGANIZATIONNAME = "Khanh Nguyen";
				TargetAttributes = {
					8BDBAF2C1F51244E00A41C85 = {
						CreatedOnToolsVersion = 8.2.1;
						DevelopmentTeam = WQDD59G548;
						ProvisioningStyle = Automatic;
					};
				};
			};
			buildConfigurationList = 8BDBAF281F51244E00A41C85 /* Build configuration list for PBXProject "VungTauHackathon2017" */;
			compatibilityVersion = "Xcode 3.2";
			developmentRegion = English;
			hasScannedForEncodings = 0;
			knownRegions = (
				en,
				Base,
			);
			mainGroup = 8BDBAF241F51244E00A41C85;
			productRefGroup = 8BDBAF2E1F51244E00A41C85 /* Products */;
			projectDirPath = "";
			projectRoot = "";
			targets = (
				8BDBAF2C1F51244E00A41C85 /* VungTauHackathon2017 */,
			);
		};
/* End PBXProject section */

/* Begin PBXResourcesBuildPhase section */
		8BDBAF2B1F51244E00A41C85 /* Resources */ = {
			isa = PBXResourcesBuildPhase;
			buildActionMask = 2147483647;
			files = (
				8BDBAFD91F5196CF00A41C85 /* ListSiteTableViewCell.xib in Resources */,
				8BDBAF9D1F51381000A41C85 /* HotelInfoMakerViewController.xib in Resources */,
				8BDBAFFD1F51DB3100A41C85 /* SelectViewController.xib in Resources */,
				8BDBAF981F51353400A41C85 /* ListHotelMapViewController.xib in Resources */,
				8BDBAFEC1F51A31700A41C85 /* ListViewRestaurantTableViewCell.xib in Resources */,
				8BDBAFBF1F5177FF00A41C85 /* hotel.json in Resources */,
				8BDBB0051F51DBB400A41C85 /* TestViewController.xib in Resources */,
				8BDBAFC41F51856300A41C85 /* DetailHotelCollectionViewCell.xib in Resources */,
				8BDBAFA31F5154F600A41C85 /* ListHotelTableViewCell.xib in Resources */,
				8BDBB0001F51DB4700A41C85 /* SellectTableViewCell.xib in Resources */,
				8BDBAF571F51295200A41C85 /* LoginViewController.xib in Resources */,
				8BDBAFDD1F51977400A41C85 /* SiteDetailViewController.xib in Resources */,
				8BDBAFE81F519F8800A41C85 /* CreateServiceViewController.xib in Resources */,
				8BDBAF621F512AF400A41C85 /* ListHotelViewController.xib in Resources */,
				8BDBAFE21F519AAE00A41C85 /* MainScreenViewController.xib in Resources */,
				8BDBAFB61F5176A300A41C85 /* MainGroupRestaurantViewController.xib in Resources */,
				8BDBAFBB1F5176D700A41C85 /* MainGroupHotelViewController.xib in Resources */,
				8BDBAF3B1F51244E00A41C85 /* LaunchScreen.storyboard in Resources */,
				2A002ECF1F51E56B0019B215 /* OverviewHotelViewController.xib in Resources */,
				8BDBAFB11F51767900A41C85 /* ListRestaurantViewController.xib in Resources */,
				8BDBAFD11F5193FE00A41C85 /* ListSiteViewController.xib in Resources */,
				8BDBAFCC1F5185EF00A41C85 /* DetailHotelViewController.xib in Resources */,
				8BDBAFD31F51943100A41C85 /* sites.json in Resources */,
				8BDBAF381F51244E00A41C85 /* Assets.xcassets in Resources */,
				8BDBAF531F51293F00A41C85 /* InitViewController.xib in Resources */,
				8BDBAF361F51244E00A41C85 /* Main.storyboard in Resources */,
			);
			runOnlyForDeploymentPostprocessing = 0;
		};
/* End PBXResourcesBuildPhase section */

/* Begin PBXShellScriptBuildPhase section */
		6BE8E9A78F9C24BE903C247D /* [CP] Embed Pods Frameworks */ = {
			isa = PBXShellScriptBuildPhase;
			buildActionMask = 2147483647;
			files = (
			);
			inputPaths = (
			);
			name = "[CP] Embed Pods Frameworks";
			outputPaths = (
			);
			runOnlyForDeploymentPostprocessing = 0;
			shellPath = /bin/sh;
			shellScript = "\"${SRCROOT}/Pods/Target Support Files/Pods-VungTauHackathon2017/Pods-VungTauHackathon2017-frameworks.sh\"\n";
			showEnvVarsInLog = 0;
		};
		757CDD7757629DEF95641345 /* [CP] Copy Pods Resources */ = {
			isa = PBXShellScriptBuildPhase;
			buildActionMask = 2147483647;
			files = (
			);
			inputPaths = (
			);
			name = "[CP] Copy Pods Resources";
			outputPaths = (
			);
			runOnlyForDeploymentPostprocessing = 0;
			shellPath = /bin/sh;
			shellScript = "\"${SRCROOT}/Pods/Target Support Files/Pods-VungTauHackathon2017/Pods-VungTauHackathon2017-resources.sh\"\n";
			showEnvVarsInLog = 0;
		};
		C34D1D46C081AB98B416CB3C /* [CP] Check Pods Manifest.lock */ = {
			isa = PBXShellScriptBuildPhase;
			buildActionMask = 2147483647;
			files = (
			);
			inputPaths = (
			);
			name = "[CP] Check Pods Manifest.lock";
			outputPaths = (
			);
			runOnlyForDeploymentPostprocessing = 0;
			shellPath = /bin/sh;
			shellScript = "diff \"${PODS_ROOT}/../Podfile.lock\" \"${PODS_ROOT}/Manifest.lock\" > /dev/null\nif [ $? != 0 ] ; then\n    # print error to STDERR\n    echo \"error: The sandbox is not in sync with the Podfile.lock. Run 'pod install' or update your CocoaPods installation.\" >&2\n    exit 1\nfi\n";
			showEnvVarsInLog = 0;
		};
/* End PBXShellScriptBuildPhase section */

/* Begin PBXSourcesBuildPhase section */
		8BDBAF291F51244E00A41C85 /* Sources */ = {
			isa = PBXSourcesBuildPhase;
			buildActionMask = 2147483647;
			files = (
				8BDBAFE71F519F8800A41C85 /* CreateServiceViewController.swift in Sources */,
				8BDBAFA51F51707200A41C85 /* Hotel.swift in Sources */,
				8BDBAF881F51309A00A41C85 /* BaseAPIResponse.swift in Sources */,
				8BDBAFEF1F51A52900A41C85 /* DropMenuButton.swift in Sources */,
				8BDBAFFC1F51DB3100A41C85 /* SelectViewController.swift in Sources */,
				8BDBAFB51F5176A300A41C85 /* MainGroupRestaurantViewController.swift in Sources */,
				8BDBAF6B1F512F3C00A41C85 /* ApplicationAssembly.swift in Sources */,
				8BDBAF761F512FE300A41C85 /* AuthenticationRestService.swift in Sources */,
				8BDBAFA21F5154F600A41C85 /* ListHotelTableViewCell.swift in Sources */,
				8BDBAFD81F5196CF00A41C85 /* ListSiteTableViewCell.swift in Sources */,
				8BDBB0041F51DBB400A41C85 /* TestViewController.swift in Sources */,
				8BDBAFCB1F5185EF00A41C85 /* DetailHotelViewController.swift in Sources */,
				8BDBAFD01F5193FE00A41C85 /* ListSiteViewController.swift in Sources */,
				8BDBAFEB1F51A31700A41C85 /* ListViewRestaurantTableViewCell.swift in Sources */,
				8BDBAFB01F51767900A41C85 /* ListRestaurantViewController.swift in Sources */,
				8BDBAF561F51295200A41C85 /* LoginViewController.swift in Sources */,
				8BDBAF731F512FBE00A41C85 /* PBaseRestService.swift in Sources */,
				8BDBAF711F512FAC00A41C85 /* PCacheProvider.swift in Sources */,
				8BDBAF901F5130D900A41C85 /* APILogoutRequest.swift in Sources */,
				8BDBAFE11F519AAE00A41C85 /* MainScreenViewController.swift in Sources */,
				8BDBAF8B1F51309A00A41C85 /* TextResponse.swift in Sources */,
				8BDBAFF51F51B75900A41C85 /* APIResponseCreateServices.swift in Sources */,
				8BDBAFC31F51856300A41C85 /* DetailHotelCollectionViewCell.swift in Sources */,
				8BDBAF6D1F512F9100A41C85 /* BaseRestService.swift in Sources */,
				8BDBAF971F51353400A41C85 /* ListHotelMapViewController.swift in Sources */,
				8BDBAF6F1F512FA200A41C85 /* PAuthenticationService.swift in Sources */,
				8BDBAF7A1F51305800A41C85 /* User.swift in Sources */,
				8BDBAF781F51301300A41C85 /* AuthenticationRouter.swift in Sources */,
				8BDBAFF91F51D0BF00A41C85 /* APIResponseGetAllService.swift in Sources */,
				8BDBAF331F51244E00A41C85 /* ViewController.swift in Sources */,
				8BDBAF8A1F51309A00A41C85 /* SignInReponse.swift in Sources */,
				8BDBAFF11F51AFA200A41C85 /* APIRequestCreateServices.swift in Sources */,
				8BDBAFD51F51944200A41C85 /* Site.swift in Sources */,
				8BDBAF7C1F51307900A41C85 /* APIRegisterRequest.swift in Sources */,
				8BDBAFBA1F5176D700A41C85 /* MainGroupHotelViewController.swift in Sources */,
				8BDBAF861F51309A00A41C85 /* APIPagination.swift in Sources */,
				8BDBB0011F51DB4700A41C85 /* SellectTableViewCell.swift in Sources */,
				8BDBAF851F51309A00A41C85 /* APILogoutReponse.swift in Sources */,
				8BDBAFF31F51B26700A41C85 /* MapResponse.swift in Sources */,
				8BDBAF9C1F51381000A41C85 /* HotelInfoMakerViewController.swift in Sources */,
				8BDBAF871F51309A00A41C85 /* BaseAPIError.swift in Sources */,
				8BDBAF611F512AF400A41C85 /* ListHotelViewController.swift in Sources */,
				8BDBAF8F1F5130D900A41C85 /* APILoginRequest.swift in Sources */,
				8BDBAF311F51244E00A41C85 /* AppDelegate.swift in Sources */,
				8BDBAF921F51311300A41C85 /* AppConstants.swift in Sources */,
				8BDBAF521F51293F00A41C85 /* InitViewController.swift in Sources */,
				8BDBAFF71F51BB7300A41C85 /* APIRequestGetRestaurant.swift in Sources */,
				8BDBAF891F51309A00A41C85 /* BoolResponse.swift in Sources */,
				8BDBAFDC1F51977400A41C85 /* SiteDetailViewController.swift in Sources */,
				2A002ECE1F51E56B0019B215 /* OverviewHotelViewController.swift in Sources */,
				8BDBAFA71F51748400A41C85 /* Restaurant.swift in Sources */,
				8BDBB0071F51EBEE00A41C85 /* Global.swift in Sources */,
			);
			runOnlyForDeploymentPostprocessing = 0;
		};
/* End PBXSourcesBuildPhase section */

/* Begin PBXVariantGroup section */
		8BDBAF341F51244E00A41C85 /* Main.storyboard */ = {
			isa = PBXVariantGroup;
			children = (
				8BDBAF351F51244E00A41C85 /* Base */,
			);
			name = Main.storyboard;
			sourceTree = "<group>";
		};
		8BDBAF391F51244E00A41C85 /* LaunchScreen.storyboard */ = {
			isa = PBXVariantGroup;
			children = (
				8BDBAF3A1F51244E00A41C85 /* Base */,
			);
			name = LaunchScreen.storyboard;
			sourceTree = "<group>";
		};
/* End PBXVariantGroup section */

/* Begin XCBuildConfiguration section */
		8BDBAF3D1F51244E00A41C85 /* Debug */ = {
			isa = XCBuildConfiguration;
			buildSettings = {
				ALWAYS_SEARCH_USER_PATHS = NO;
				CLANG_ANALYZER_NONNULL = YES;
				CLANG_CXX_LANGUAGE_STANDARD = "gnu++0x";
				CLANG_CXX_LIBRARY = "libc++";
				CLANG_ENABLE_MODULES = YES;
				CLANG_ENABLE_OBJC_ARC = YES;
				CLANG_WARN_BOOL_CONVERSION = YES;
				CLANG_WARN_CONSTANT_CONVERSION = YES;
				CLANG_WARN_DIRECT_OBJC_ISA_USAGE = YES_ERROR;
				CLANG_WARN_DOCUMENTATION_COMMENTS = YES;
				CLANG_WARN_EMPTY_BODY = YES;
				CLANG_WARN_ENUM_CONVERSION = YES;
				CLANG_WARN_INFINITE_RECURSION = YES;
				CLANG_WARN_INT_CONVERSION = YES;
				CLANG_WARN_OBJC_ROOT_CLASS = YES_ERROR;
				CLANG_WARN_SUSPICIOUS_MOVE = YES;
				CLANG_WARN_UNREACHABLE_CODE = YES;
				CLANG_WARN__DUPLICATE_METHOD_MATCH = YES;
				"CODE_SIGN_IDENTITY[sdk=iphoneos*]" = "iPhone Developer";
				COPY_PHASE_STRIP = NO;
				DEBUG_INFORMATION_FORMAT = dwarf;
				ENABLE_STRICT_OBJC_MSGSEND = YES;
				ENABLE_TESTABILITY = YES;
				GCC_C_LANGUAGE_STANDARD = gnu99;
				GCC_DYNAMIC_NO_PIC = NO;
				GCC_NO_COMMON_BLOCKS = YES;
				GCC_OPTIMIZATION_LEVEL = 0;
				GCC_PREPROCESSOR_DEFINITIONS = (
					"DEBUG=1",
					"$(inherited)",
				);
				GCC_WARN_64_TO_32_BIT_CONVERSION = YES;
				GCC_WARN_ABOUT_RETURN_TYPE = YES_ERROR;
				GCC_WARN_UNDECLARED_SELECTOR = YES;
				GCC_WARN_UNINITIALIZED_AUTOS = YES_AGGRESSIVE;
				GCC_WARN_UNUSED_FUNCTION = YES;
				GCC_WARN_UNUSED_VARIABLE = YES;
				IPHONEOS_DEPLOYMENT_TARGET = 10.2;
				MTL_ENABLE_DEBUG_INFO = YES;
				ONLY_ACTIVE_ARCH = YES;
				SDKROOT = iphoneos;
				SWIFT_ACTIVE_COMPILATION_CONDITIONS = DEBUG;
				SWIFT_OPTIMIZATION_LEVEL = "-Onone";
			};
			name = Debug;
		};
		8BDBAF3E1F51244E00A41C85 /* Release */ = {
			isa = XCBuildConfiguration;
			buildSettings = {
				ALWAYS_SEARCH_USER_PATHS = NO;
				CLANG_ANALYZER_NONNULL = YES;
				CLANG_CXX_LANGUAGE_STANDARD = "gnu++0x";
				CLANG_CXX_LIBRARY = "libc++";
				CLANG_ENABLE_MODULES = YES;
				CLANG_ENABLE_OBJC_ARC = YES;
				CLANG_WARN_BOOL_CONVERSION = YES;
				CLANG_WARN_CONSTANT_CONVERSION = YES;
				CLANG_WARN_DIRECT_OBJC_ISA_USAGE = YES_ERROR;
				CLANG_WARN_DOCUMENTATION_COMMENTS = YES;
				CLANG_WARN_EMPTY_BODY = YES;
				CLANG_WARN_ENUM_CONVERSION = YES;
				CLANG_WARN_INFINITE_RECURSION = YES;
				CLANG_WARN_INT_CONVERSION = YES;
				CLANG_WARN_OBJC_ROOT_CLASS = YES_ERROR;
				CLANG_WARN_SUSPICIOUS_MOVE = YES;
				CLANG_WARN_UNREACHABLE_CODE = YES;
				CLANG_WARN__DUPLICATE_METHOD_MATCH = YES;
				"CODE_SIGN_IDENTITY[sdk=iphoneos*]" = "iPhone Developer";
				COPY_PHASE_STRIP = NO;
				DEBUG_INFORMATION_FORMAT = "dwarf-with-dsym";
				ENABLE_NS_ASSERTIONS = NO;
				ENABLE_STRICT_OBJC_MSGSEND = YES;
				GCC_C_LANGUAGE_STANDARD = gnu99;
				GCC_NO_COMMON_BLOCKS = YES;
				GCC_WARN_64_TO_32_BIT_CONVERSION = YES;
				GCC_WARN_ABOUT_RETURN_TYPE = YES_ERROR;
				GCC_WARN_UNDECLARED_SELECTOR = YES;
				GCC_WARN_UNINITIALIZED_AUTOS = YES_AGGRESSIVE;
				GCC_WARN_UNUSED_FUNCTION = YES;
				GCC_WARN_UNUSED_VARIABLE = YES;
				IPHONEOS_DEPLOYMENT_TARGET = 10.2;
				MTL_ENABLE_DEBUG_INFO = NO;
				SDKROOT = iphoneos;
				SWIFT_OPTIMIZATION_LEVEL = "-Owholemodule";
				VALIDATE_PRODUCT = YES;
			};
			name = Release;
		};
		8BDBAF401F51244E00A41C85 /* Debug */ = {
			isa = XCBuildConfiguration;
			baseConfigurationReference = DE31194C497F375D1EE5C7FB /* Pods-VungTauHackathon2017.debug.xcconfig */;
			buildSettings = {
				ASSETCATALOG_COMPILER_APPICON_NAME = AppIcon;
				DEVELOPMENT_TEAM = WQDD59G548;
				INFOPLIST_FILE = VungTauHackathon2017/Info.plist;
				LD_RUNPATH_SEARCH_PATHS = "$(inherited) @executable_path/Frameworks";
				PRODUCT_BUNDLE_IDENTIFIER = com.KhanhNguyen.VungTauHackathon2017;
				PRODUCT_NAME = "$(TARGET_NAME)";
				SWIFT_VERSION = 3.0;
			};
			name = Debug;
		};
		8BDBAF411F51244E00A41C85 /* Release */ = {
			isa = XCBuildConfiguration;
			baseConfigurationReference = 153C05A846962C0B142A6F69 /* Pods-VungTauHackathon2017.release.xcconfig */;
			buildSettings = {
				ASSETCATALOG_COMPILER_APPICON_NAME = AppIcon;
				DEVELOPMENT_TEAM = WQDD59G548;
				INFOPLIST_FILE = VungTauHackathon2017/Info.plist;
				LD_RUNPATH_SEARCH_PATHS = "$(inherited) @executable_path/Frameworks";
				PRODUCT_BUNDLE_IDENTIFIER = com.KhanhNguyen.VungTauHackathon2017;
				PRODUCT_NAME = "$(TARGET_NAME)";
				SWIFT_VERSION = 3.0;
			};
			name = Release;
		};
/* End XCBuildConfiguration section */

/* Begin XCConfigurationList section */
		8BDBAF281F51244E00A41C85 /* Build configuration list for PBXProject "VungTauHackathon2017" */ = {
			isa = XCConfigurationList;
			buildConfigurations = (
				8BDBAF3D1F51244E00A41C85 /* Debug */,
				8BDBAF3E1F51244E00A41C85 /* Release */,
			);
			defaultConfigurationIsVisible = 0;
			defaultConfigurationName = Release;
		};
		8BDBAF3F1F51244E00A41C85 /* Build configuration list for PBXNativeTarget "VungTauHackathon2017" */ = {
			isa = XCConfigurationList;
			buildConfigurations = (
				8BDBAF401F51244E00A41C85 /* Debug */,
				8BDBAF411F51244E00A41C85 /* Release */,
			);
			defaultConfigurationIsVisible = 0;
			defaultConfigurationName = Release;
		};
/* End XCConfigurationList section */
	};
	rootObject = 8BDBAF251F51244E00A41C85 /* Project object */;
}
